
Microsoft Visual Studio Solution File, Format Version 12.00
# Visual Studio Version 17
VisualStudioVersion = 17.14.37516.0
MinimumVisualStudioVersion = 10.0.40219.1
Project("{FAE04EC0-301F-11D3-BF4B-00C04F79EFBC}") = "CapaModelo_Competiciones", "CapaModelo_Competiciones\CapaModelo_Competiciones.csproj", "{CC27AF19-C2C1-47C6-B571-582190A0B49F}"
EndProject
Project("{FAE04EC0-301F-11D3-BF4B-00C04F79EFBC}") = "CapaControlador_Competiciones", "CapaControlador_Competiciones\CapaControlador_Competiciones.csproj", "{608646C1-3473-4E8F-B1C0-CB7BF646CD68}"
EndProject
Project("{FAE04EC0-301F-11D3-BF4B-00C04F79EFBC}") = "CapaVista_Competiciones", "CapaVista_Competiciones\CapaVista_Competiciones.csproj", "{B6F675B4-0C8F-45FF-82C0-55D81E41D652}"
EndProject
Global
	GlobalSection(SolutionConfigurationPlatforms) = preSolution
		Debug|Any CPU = Debug|Any CPU
		Release|Any CPU = Release|Any CPU
	EndGlobalSection
	GlobalSection(ProjectConfigurationPlatforms) = postSolution
		{CC27AF19-C2C1-47C6-B571-582190A0B49F}.Debug|Any CPU.ActiveCfg = Debug|Any CPU
		{CC27AF19-C2C1-47C6-B571-582190A0B49F}.Debug|Any CPU.Build.0 = Debug|Any CPU
		{CC27AF19-C2C1-47C6-B571-582190A0B49F}.Release|Any CPU.ActiveCfg = Release|Any CPU
		{CC27AF19-C2C1-47C6-B571-582190A0B49F}.Release|Any CPU.Build.0 = Release|Any CPU
		{608646C1-3473-4E8F-B1C0-CB7BF646CD68}.Debug|Any CPU.ActiveCfg = Debug|Any CPU
		{608646C1-3473-4E8F-B1C0-CB7BF646CD68}.Debug|Any CPU.Build.0 = Debug|Any CPU
		{608646C1-3473-4E8F-B1C0-CB7BF646CD68}.Release|Any CPU.ActiveCfg = Release|Any CPU
		{608646C1-3473-4E8F-B1C0-CB7BF646CD68}.Release|Any CPU.Build.0 = Release|Any CPU
		{B6F675B4-0C8F-45FF-82C0-55D81E41D652}.Debug|Any CPU.ActiveCfg = Debug|Any CPU
		{B6F675B4-0C8F-45FF-82C0-55D81E41D652}.Debug|Any CPU.Build.0 = Debug|Any CPU
		{B6F675B4-0C8F-45FF-82C0-55D81E41D652}.Release|Any CPU.ActiveCfg = Release|Any CPU
		{B6F675B4-0C8F-45FF-82C0-55D81E41D652}.Release|Any CPU.Build.0 = Release|Any CPU
	EndGlobalSection
	GlobalSection(SolutionProperties) = preSolution
		HideSolutionNode = FALSE
	EndGlobalSection
	GlobalSection(ExtensibilityGlobals) = postSolution
		SolutionGuid = {FAD86C63-110D-4BC7-8C94-E976B910F44C}
	EndGlobalSection
EndGlobal
